// !$*UTF8*$!
{
	archiveVersion = 1;
	classes = {
	};
	objectVersion = 46;
	objects = {

/* Begin PBXBuildFile section */
		897B4D141918CC200095142C /* Foundation.framework in Frameworks */ = {isa = PBXBuildFile; fileRef = 897B4D131918CC200095142C /* Foundation.framework */; };
		897B4D161918CC200095142C /* CoreGraphics.framework in Frameworks */ = {isa = PBXBuildFile; fileRef = 897B4D151918CC200095142C /* CoreGraphics.framework */; };
		897B4D181918CC200095142C /* UIKit.framework in Frameworks */ = {isa = PBXBuildFile; fileRef = 897B4D171918CC200095142C /* UIKit.framework */; };
		897B4D1E1918CC200095142C /* InfoPlist.strings in Resources */ = {isa = PBXBuildFile; fileRef = 897B4D1C1918CC200095142C /* InfoPlist.strings */; };
		897B4D201918CC200095142C /* main.m in Sources */ = {isa = PBXBuildFile; fileRef = 897B4D1F1918CC200095142C /* main.m */; };
		897B4D241918CC200095142C /* AppDelegate.m in Sources */ = {isa = PBXBuildFile; fileRef = 897B4D231918CC200095142C /* AppDelegate.m */; };
		897B4D261918CC200095142C /* Images.xcassets in Resources */ = {isa = PBXBuildFile; fileRef = 897B4D251918CC200095142C /* Images.xcassets */; };
		897B4D2D1918CC200095142C /* XCTest.framework in Frameworks */ = {isa = PBXBuildFile; fileRef = 897B4D2C1918CC200095142C /* XCTest.framework */; };
		897B4D2E1918CC200095142C /* Foundation.framework in Frameworks */ = {isa = PBXBuildFile; fileRef = 897B4D131918CC200095142C /* Foundation.framework */; };
		897B4D2F1918CC200095142C /* UIKit.framework in Frameworks */ = {isa = PBXBuildFile; fileRef = 897B4D171918CC200095142C /* UIKit.framework */; };
		897B4D371918CC200095142C /* InfoPlist.strings in Resources */ = {isa = PBXBuildFile; fileRef = 897B4D351918CC200095142C /* InfoPlist.strings */; };
		897B4D391918CC200095142C /* PourquoiTests.m in Sources */ = {isa = PBXBuildFile; fileRef = 897B4D381918CC200095142C /* PourquoiTests.m */; };
/* End PBXBuildFile section */

/* Begin PBXContainerItemProxy section */
		897B4D301918CC200095142C /* PBXContainerItemProxy */ = {
			isa = PBXContainerItemProxy;
			containerPortal = 897B4D081918CC200095142C /* Project object */;
			proxyType = 1;
			remoteGlobalIDString = 897B4D0F1918CC200095142C;
			remoteInfo = Pourquoi;
		};
/* End PBXContainerItemProxy section */

/* Begin PBXFileReference section */
		897B4D101918CC200095142C /* Pourquoi.app */ = {isa = PBXFileReference; explicitFileType = wrapper.application; includeInIndex = 0; path = Pourquoi.app; sourceTree = BUILT_PRODUCTS_DIR; };
		897B4D131918CC200095142C /* Foundation.framework */ = {isa = PBXFileReference; lastKnownFileType = wrapper.framework; name = Foundation.framework; path = System/Library/Frameworks/Foundation.framework; sourceTree = SDKROOT; };
		897B4D151918CC200095142C /* CoreGraphics.framework */ = {isa = PBXFileReference; lastKnownFileType = wrapper.framework; name = CoreGraphics.framework; path = System/Library/Frameworks/CoreGraphics.framework; sourceTree = SDKROOT; };
		897B4D171918CC200095142C /* UIKit.framework */ = {isa = PBXFileReference; lastKnownFileType = wrapper.framework; name = UIKit.framework; path = System/Library/Frameworks/UIKit.framework; sourceTree = SDKROOT; };
		897B4D1B1918CC200095142C /* Pourquoi-Info.plist */ = {isa = PBXFileReference; lastKnownFileType = text.plist.xml; path = "Pourquoi-Info.plist"; sourceTree = "<group>"; };
		897B4D1D1918CC200095142C /* en */ = {isa = PBXFileReference; lastKnownFileType = text.plist.strings; name = en; path = en.lproj/InfoPlist.strings; sourceTree = "<group>"; };
		897B4D1F1918CC200095142C /* main.m */ = {isa = PBXFileReference; lastKnownFileType = sourcecode.c.objc; path = main.m; sourceTree = "<group>"; };
		897B4D211918CC200095142C /* Pourquoi-Prefix.pch */ = {isa = PBXFileReference; lastKnownFileType = sourcecode.c.h; path = "Pourquoi-Prefix.pch"; sourceTree = "<group>"; };
		897B4D221918CC200095142C /* AppDelegate.h */ = {isa = PBXFileReference; lastKnownFileType = sourcecode.c.h; path = AppDelegate.h; sourceTree = "<group>"; };
		897B4D231918CC200095142C /* AppDelegate.m */ = {isa = PBXFileReference; lastKnownFileType = sourcecode.c.objc; path = AppDelegate.m; sourceTree = "<group>"; };
		897B4D251918CC200095142C /* Images.xcassets */ = {isa = PBXFileReference; lastKnownFileType = folder.assetcatalog; path = Images.xcassets; sourceTree = "<group>"; };
		897B4D2B1918CC200095142C /* PourquoiTests.xctest */ = {isa = PBXFileReference; explicitFileType = wrapper.cfbundle; includeInIndex = 0; path = PourquoiTests.xctest; sourceTree = BUILT_PRODUCTS_DIR; };
		897B4D2C1918CC200095142C /* XCTest.framework */ = {isa = PBXFileReference; lastKnownFileType = wrapper.framework; name = XCTest.framework; path = Library/Frameworks/XCTest.framework; sourceTree = DEVELOPER_DIR; };
		897B4D341918CC200095142C /* PourquoiTests-Info.plist */ = {isa = PBXFileReference; lastKnownFileType = text.plist.xml; path = "PourquoiTests-Info.plist"; sourceTree = "<group>"; };
		897B4D361918CC200095142C /* en */ = {isa = PBXFileReference; lastKnownFileType = text.plist.strings; name = en; path = en.lproj/InfoPlist.strings; sourceTree = "<group>"; };
		897B4D381918CC200095142C /* PourquoiTests.m */ = {isa = PBXFileReference; lastKnownFileType = sourcecode.c.objc; path = PourquoiTests.m; sourceTree = "<group>"; };
/* End PBXFileReference section */

/* Begin PBXFrameworksBuildPhase section */
		897B4D0D1918CC200095142C /* Frameworks */ = {
			isa = PBXFrameworksBuildPhase;
			buildActionMask = 2147483647;
			files = (
				897B4D161918CC200095142C /* CoreGraphics.framework in Frameworks */,
				897B4D181918CC200095142C /* UIKit.framework in Frameworks */,
				897B4D141918CC200095142C /* Foundation.framework in Frameworks */,
			);
			runOnlyForDeploymentPostprocessing = 0;
		};
		897B4D281918CC200095142C /* Frameworks */ = {
			isa = PBXFrameworksBuildPhase;
			buildActionMask = 2147483647;
			files = (
				897B4D2D1918CC200095142C /* XCTest.framework in Frameworks */,
				897B4D2F1918CC200095142C /* UIKit.framework in Frameworks */,
				897B4D2E1918CC200095142C /* Foundation.framework in Frameworks */,
			);
			runOnlyForDeploymentPostprocessing = 0;
		};
/* End PBXFrameworksBuildPhase section */

/* Begin PBXGroup section */
		897B4D071918CC200095142C = {
			isa = PBXGroup;
			children = (
				897B4D191918CC200095142C /* Pourquoi */,
				897B4D321918CC200095142C /* PourquoiTests */,
				897B4D121918CC200095142C /* Frameworks */,
				897B4D111918CC200095142C /* Products */,
			);
			sourceTree = "<group>";
		};
		897B4D111918CC200095142C /* Products */ = {
			isa = PBXGroup;
			children = (
				897B4D101918CC200095142C /* Pourquoi.app */,
				897B4D2B1918CC200095142C /* PourquoiTests.xctest */,
			);
			name = Products;
			sourceTree = "<group>";
		};
		897B4D121918CC200095142C /* Frameworks */ = {
			isa = PBXGroup;
			children = (
				897B4D131918CC200095142C /* Foundation.framework */,
				897B4D151918CC200095142C /* CoreGraphics.framework */,
				897B4D171918CC200095142C /* UIKit.framework */,
				897B4D2C1918CC200095142C /* XCTest.framework */,
			);
			name = Frameworks;
			sourceTree = "<group>";
		};
		897B4D191918CC200095142C /* Pourquoi */ = {
			isa = PBXGroup;
			children = (
				897B4D221918CC200095142C /* AppDelegate.h */,
				897B4D231918CC200095142C /* AppDelegate.m */,
				897B4D251918CC200095142C /* Images.xcassets */,
				897B4D1A1918CC200095142C /* Supporting Files */,
			);
			path = Pourquoi;
			sourceTree = "<group>";
		};
		897B4D1A1918CC200095142C /* Supporting Files */ = {
			isa = PBXGroup;
			children = (
				897B4D1B1918CC200095142C /* Pourquoi-Info.plist */,
				897B4D1C1918CC200095142C /* InfoPlist.strings */,
				897B4D1F1918CC200095142C /* main.m */,
				897B4D211918CC200095142C /* Pourquoi-Prefix.pch */,
			);
			name = "Supporting Files";
			sourceTree = "<group>";
		};
		897B4D321918CC200095142C /* PourquoiTests */ = {
			isa = PBXGroup;
			children = (
				897B4D381918CC200095142C /* PourquoiTests.m */,
				897B4D331918CC200095142C /* Supporting Files */,
			);
			path = PourquoiTests;
			sourceTree = "<group>";
		};
		897B4D331918CC200095142C /* Supporting Files */ = {
			isa = PBXGroup;
			children = (
				897B4D341918CC200095142C /* PourquoiTests-Info.plist */,
				897B4D351918CC200095142C /* InfoPlist.strings */,
			);
			name = "Supporting Files";
			sourceTree = "<group>";
		};
/* End PBXGroup section */

/* Begin PBXNativeTarget section */
		897B4D0F1918CC200095142C /* Pourquoi */ = {
			isa = PBXNativeTarget;
			buildConfigurationList = 897B4D3C1918CC200095142C /* Build configuration list for PBXNativeTarget "Pourquoi" */;
			buildPhases = (
				897B4D0C1918CC200095142C /* Sources */,
				897B4D0D1918CC200095142C /* Frameworks */,
				897B4D0E1918CC200095142C /* Resources */,
			);
			buildRules = (
			);
			dependencies = (
			);
			name = Pourquoi;
			productName = Pourquoi;
			productReference = 897B4D101918CC200095142C /* Pourquoi.app */;
			productType = "com.apple.product-type.application";
		};
		897B4D2A1918CC200095142C /* PourquoiTests */ = {
			isa = PBXNativeTarget;
			buildConfigurationList = 897B4D3F1918CC200095142C /* Build configuration list for PBXNativeTarget "PourquoiTests" */;
			buildPhases = (
				897B4D271918CC200095142C /* Sources */,
				897B4D281918CC200095142C /* Frameworks */,
				897B4D291918CC200095142C /* Resources */,
			);
			buildRules = (
			);
			dependencies = (
				897B4D311918CC200095142C /* PBXTargetDependency */,
			);
			name = PourquoiTests;
			productName = PourquoiTests;
			productReference = 897B4D2B1918CC200095142C /* PourquoiTests.xctest */;
			productType = "com.apple.product-type.bundle.unit-test";
		};
/* End PBXNativeTarget section */

/* Begin PBXProject section */
		897B4D081918CC200095142C /* Project object */ = {
			isa = PBXProject;
			attributes = {
				LastUpgradeCheck = 0510;
				ORGANIZATIONNAME = "Charlyne Rivera";
				TargetAttributes = {
					897B4D2A1918CC200095142C = {
						TestTargetID = 897B4D0F1918CC200095142C;
					};
				};
			};
			buildConfigurationList = 897B4D0B1918CC200095142C /* Build configuration list for PBXProject "Pourquoi" */;
			compatibilityVersion = "Xcode 3.2";
			developmentRegion = English;
			hasScannedForEncodings = 0;
			knownRegions = (
				en,
			);
			mainGroup = 897B4D071918CC200095142C;
			productRefGroup = 897B4D111918CC200095142C /* Products */;
			projectDirPath = "";
			projectRoot = "";
			targets = (
				897B4D0F1918CC200095142C /* Pourquoi */,
				897B4D2A1918CC200095142C /* PourquoiTests */,
			);
		};
/* End PBXProject section */

/* Begin PBXResourcesBuildPhase section */
		897B4D0E1918CC200095142C /* Resources */ = {
			isa = PBXResourcesBuildPhase;
			buildActionMask = 2147483647;
			files = (
				897B4D1E1918CC200095142C /* InfoPlist.strings in Resources */,
				897B4D261918CC200095142C /* Images.xcassets in Resources */,
			);
			runOnlyForDeploymentPostprocessing = 0;
		};
		897B4D291918CC200095142C /* Resources */ = {
			isa = PBXResourcesBuildPhase;
			buildActionMask = 2147483647;
			files = (
				897B4D371918CC200095142C /* InfoPlist.strings in Resources */,
			);
			runOnlyForDeploymentPostprocessing = 0;
		};
/* End PBXResourcesBuildPhase section */

/* Begin PBXSourcesBuildPhase section */
		897B4D0C1918CC200095142C /* Sources */ = {
			isa = PBXSourcesBuildPhase;
			buildActionMask = 2147483647;
			files = (
				897B4D241918CC200095142C /* AppDelegate.m in Sources */,
				897B4D201918CC200095142C /* main.m in Sources */,
			);
			runOnlyForDeploymentPostprocessing = 0;
		};
		897B4D271918CC200095142C /* Sources */ = {
			isa = PBXSourcesBuildPhase;
			buildActionMask = 2147483647;
			files = (
				897B4D391918CC200095142C /* PourquoiTests.m in Sources */,
			);
			runOnlyForDeploymentPostprocessing = 0;
		};
/* End PBXSourcesBuildPhase section */

/* Begin PBXTargetDependency section */
		897B4D311918CC200095142C /* PBXTargetDependency */ = {
			isa = PBXTargetDependency;
			target = 897B4D0F1918CC200095142C /* Pourquoi */;
			targetProxy = 897B4D301918CC200095142C /* PBXContainerItemProxy */;
		};
/* End PBXTargetDependency section */

/* Begin PBXVariantGroup section */
		897B4D1C1918CC200095142C /* InfoPlist.strings */ = {
			isa = PBXVariantGroup;
			children = (
				897B4D1D1918CC200095142C /* en */,
			);
			name = InfoPlist.strings;
			sourceTree = "<group>";
		};
		897B4D351918CC200095142C /* InfoPlist.strings */ = {
			isa = PBXVariantGroup;
			children = (
				897B4D361918CC200095142C /* en */,
			);
			name = InfoPlist.strings;
			sourceTree = "<group>";
		};
/* End PBXVariantGroup section */

/* Begin XCBuildConfiguration section */
		897B4D3A1918CC200095142C /* Debug */ = {
			isa = XCBuildConfiguration;
			buildSettings = {
				ALWAYS_SEARCH_USER_PATHS = NO;
				CLANG_CXX_LANGUAGE_STANDARD = "gnu++0x";
				CLANG_CXX_LIBRARY = "libc++";
				CLANG_ENABLE_MODULES = YES;
				CLANG_ENABLE_OBJC_ARC = YES;
				CLANG_WARN_BOOL_CONVERSION = YES;
				CLANG_WARN_CONSTANT_CONVERSION = YES;
				CLANG_WARN_DIRECT_OBJC_ISA_USAGE = YES_ERROR;
				CLANG_WARN_EMPTY_BODY = YES;
				CLANG_WARN_ENUM_CONVERSION = YES;
				CLANG_WARN_INT_CONVERSION = YES;
				CLANG_WARN_OBJC_ROOT_CLASS = YES_ERROR;
				CLANG_WARN__DUPLICATE_METHOD_MATCH = YES;
				"CODE_SIGN_IDENTITY[sdk=iphoneos*]" = "iPhone Developer";
				COPY_PHASE_STRIP = NO;
				GCC_C_LANGUAGE_STANDARD = gnu99;
				GCC_DYNAMIC_NO_PIC = NO;
				GCC_OPTIMIZATION_LEVEL = 0;
				GCC_PREPROCESSOR_DEFINITIONS = (
					"DEBUG=1",
					"$(inherited)",
				);
				GCC_SYMBOLS_PRIVATE_EXTERN = NO;
				GCC_WARN_64_TO_32_BIT_CONVERSION = YES;
				GCC_WARN_ABOUT_RETURN_TYPE = YES_ERROR;
				GCC_WARN_UNDECLARED_SELECTOR = YES;
				GCC_WARN_UNINITIALIZED_AUTOS = YES_AGGRESSIVE;
				GCC_WARN_UNUSED_FUNCTION = YES;
				GCC_WARN_UNUSED_VARIABLE = YES;
				IPHONEOS_DEPLOYMENT_TARGET = 7.1;
				ONLY_ACTIVE_ARCH = YES;
				SDKROOT = iphoneos;
			};
			name = Debug;
		};
		897B4D3B1918CC200095142C /* Release */ = {
			isa = XCBuildConfiguration;
			buildSettings = {
				ALWAYS_SEARCH_USER_PATHS = NO;
				CLANG_CXX_LANGUAGE_STANDARD = "gnu++0x";
				CLANG_CXX_LIBRARY = "libc++";
				CLANG_ENABLE_MODULES = YES;
				CLANG_ENABLE_OBJC_ARC = YES;
				CLANG_WARN_BOOL_CONVERSION = YES;
				CLANG_WARN_CONSTANT_CONVERSION = YES;
				CLANG_WARN_DIRECT_OBJC_ISA_USAGE = YES_ERROR;
				CLANG_WARN_EMPTY_BODY = YES;
				CLANG_WARN_ENUM_CONVERSION = YES;
				CLANG_WARN_INT_CONVERSION = YES;
				CLANG_WARN_OBJC_ROOT_CLASS = YES_ERROR;
				CLANG_WARN__DUPLICATE_METHOD_MATCH = YES;
				"CODE_SIGN_IDENTITY[sdk=iphoneos*]" = "iPhone Developer";
				COPY_PHASE_STRIP = YES;
				ENABLE_NS_ASSERTIONS = NO;
				GCC_C_LANGUAGE_STANDARD = gnu99;
				GCC_WARN_64_TO_32_BIT_CONVERSION = YES;
				GCC_WARN_ABOUT_RETURN_TYPE = YES_ERROR;
				GCC_WARN_UNDECLARED_SELECTOR = YES;
				GCC_WARN_UNINITIALIZED_AUTOS = YES_AGGRESSIVE;
				GCC_WARN_UNUSED_FUNCTION = YES;
				GCC_WARN_UNUSED_VARIABLE = YES;
				IPHONEOS_DEPLOYMENT_TARGET = 7.1;
				SDKROOT = iphoneos;
				VALIDATE_PRODUCT = YES;
			};
			name = Release;
		};
		897B4D3D1918CC200095142C /* Debug */ = {
			isa = XCBuildConfiguration;
			buildSettings = {
				ASSETCATALOG_COMPILER_APPICON_NAME = AppIcon;
				ASSETCATALOG_COMPILER_LAUNCHIMAGE_NAME = LaunchImage;
				GCC_PRECOMPILE_PREFIX_HEADER = YES;
				GCC_PREFIX_HEADER = "Pourquoi/Pourquoi-Prefix.pch";
				INFOPLIST_FILE = "Pourquoi/Pourquoi-Info.plist";
				PRODUCT_NAME = "$(TARGET_NAME)";
				WRAPPER_EXTENSION = app;
			};
			name = Debug;
		};
		897B4D3E1918CC200095142C /* Release */ = {
			isa = XCBuildConfiguration;
			buildSettings = {
				ASSETCATALOG_COMPILER_APPICON_NAME = AppIcon;
				ASSETCATALOG_COMPILER_LAUNCHIMAGE_NAME = LaunchImage;
				GCC_PRECOMPILE_PREFIX_HEADER = YES;
				GCC_PREFIX_HEADER = "Pourquoi/Pourquoi-Prefix.pch";
				INFOPLIST_FILE = "Pourquoi/Pourquoi-Info.plist";
				PRODUCT_NAME = "$(TARGET_NAME)";
				WRAPPER_EXTENSION = app;
			};
			name = Release;
		};
		897B4D401918CC200095142C /* Debug */ = {
			isa = XCBuildConfiguration;
			buildSettings = {
				BUNDLE_LOADER = "$(BUILT_PRODUCTS_DIR)/Pourquoi.app/Pourquoi";
				FRAMEWORK_SEARCH_PATHS = (
					"$(SDKROOT)/Developer/Library/Frameworks",
					"$(inherited)",
					"$(DEVELOPER_FRAMEWORKS_DIR)",
				);
				GCC_PRECOMPILE_PREFIX_HEADER = YES;
				GCC_PREFIX_HEADER = "Pourquoi/Pourquoi-Prefix.pch";
				GCC_PREPROCESSOR_DEFINITIONS = (
					"DEBUG=1",
					"$(inherited)",
				);
				INFOPLIST_FILE = "PourquoiTests/PourquoiTests-Info.plist";
				PRODUCT_NAME = "$(TARGET_NAME)";
				TEST_HOST = "$(BUNDLE_LOADER)";
				WRAPPER_EXTENSION = xctest;
			};
			name = Debug;
		};
		897B4D411918CC200095142C /* Release */ = {
			isa = XCBuildConfiguration;
			buildSettings = {
				BUNDLE_LOADER = "$(BUILT_PRODUCTS_DIR)/Pourquoi.app/Pourquoi";
				FRAMEWORK_SEARCH_PATHS = (
					"$(SDKROOT)/Developer/Library/Frameworks",
					"$(inherited)",
					"$(DEVELOPER_FRAMEWORKS_DIR)",
				);
				GCC_PRECOMPILE_PREFIX_HEADER = YES;
				GCC_PREFIX_HEADER = "Pourquoi/Pourquoi-Prefix.pch";
				INFOPLIST_FILE = "PourquoiTests/PourquoiTests-Info.plist";
				PRODUCT_NAME = "$(TARGET_NAME)";
				TEST_HOST = "$(BUNDLE_LOADER)";
				WRAPPER_EXTENSION = xctest;
			};
			name = Release;
		};
/* End XCBuildConfiguration section */

/* Begin XCConfigurationList section */
		897B4D0B1918CC200095142C /* Build configuration list for PBXProject "Pourquoi" */ = {
			isa = XCConfigurationList;
			buildConfigurations = (
				897B4D3A1918CC200095142C /* Debug */,
				897B4D3B1918CC200095142C /* Release */,
			);
			defaultConfigurationIsVisible = 0;
			defaultConfigurationName = Release;
		};
		897B4D3C1918CC200095142C /* Build configuration list for PBXNativeTarget "Pourquoi" */ = {
			isa = XCConfigurationList;
			buildConfigurations = (
				897B4D3D1918CC200095142C /* Debug */,
				897B4D3E1918CC200095142C /* Release */,
			);
			defaultConfigurationIsVisible = 0;
		};
		897B4D3F1918CC200095142C /* Build configuration list for PBXNativeTarget "PourquoiTests" */ = {
			isa = XCConfigurationList;
			buildConfigurations = (
				897B4D401918CC200095142C /* Debug */,
				897B4D411918CC200095142C /* Release */,
			);
			defaultConfigurationIsVisible = 0;
		};
/* End XCConfigurationList section */
	};
	rootObject = 897B4D081918CC200095142C /* Project object */;
}
